
Microsoft Visual Studio Solution File, Format Version 12.00
# Visual Studio Version 17
VisualStudioVersion = 17.11.35303.130
MinimumVisualStudioVersion = 10.0.40219.1
Project("{FAE04EC0-301F-11D3-BF4B-00C04F79EFBC}") = "Utilización de componentes", "Utilización de componentes.csproj", "{B96BFA5A-E85B-4C31-A7E0-5EE490C38FAD}"
EndProject
Global
	GlobalSection(SolutionConfigurationPlatforms) = preSolution
		Debug|Any CPU = Debug|Any CPU
		Release|Any CPU = Release|Any CPU
	EndGlobalSection
	GlobalSection(ProjectConfigurationPlatforms) = postSolution
		{B96BFA5A-E85B-4C31-A7E0-5EE490C38FAD}.Debug|Any CPU.ActiveCfg = Debug|Any CPU
		{B96BFA5A-E85B-4C31-A7E0-5EE490C38FAD}.Debug|Any CPU.Build.0 = Debug|Any CPU
		{B96BFA5A-E85B-4C31-A7E0-5EE490C38FAD}.Release|Any CPU.ActiveCfg = Release|Any CPU
		{B96BFA5A-E85B-4C31-A7E0-5EE490C38FAD}.Release|Any CPU.Build.0 = Release|Any CPU
	EndGlobalSection
	GlobalSection(SolutionProperties) = preSolution
		HideSolutionNode = FALSE
	EndGlobalSection
	GlobalSection(ExtensibilityGlobals) = postSolution
		SolutionGuid = {5DED378B-30ED-4BF5-8DE4-044287D5C36B}
	EndGlobalSection
EndGlobal
